// !$*UTF8*$!
{
	archiveVersion = 1;
	classes = {
	};
	objectVersion = 55;
	objects = {

/* Begin PBXBuildFile section */
		154256FB1BDEC32890F73AC7 /* Pods_NIBM_Parking.framework in Frameworks */ = {isa = PBXBuildFile; fileRef = CBA7301035AB1E6AF90E408C /* Pods_NIBM_Parking.framework */; };
		796F2F78273CF92B00BB283A /* NIBM_ParkingApp.swift in Sources */ = {isa = PBXBuildFile; fileRef = 796F2F77273CF92B00BB283A /* NIBM_ParkingApp.swift */; };
		796F2F7A273CF92C00BB283A /* ContentView.swift in Sources */ = {isa = PBXBuildFile; fileRef = 796F2F79273CF92C00BB283A /* ContentView.swift */; };
		796F2F7C273CF92D00BB283A /* Assets.xcassets in Resources */ = {isa = PBXBuildFile; fileRef = 796F2F7B273CF92D00BB283A /* Assets.xcassets */; };
		796F2F7F273CF92D00BB283A /* Preview Assets.xcassets in Resources */ = {isa = PBXBuildFile; fileRef = 796F2F7E273CF92D00BB283A /* Preview Assets.xcassets */; };
		796F2F89273CF92D00BB283A /* NIBM_ParkingTests.swift in Sources */ = {isa = PBXBuildFile; fileRef = 796F2F88273CF92D00BB283A /* NIBM_ParkingTests.swift */; };
		796F2F93273CF92D00BB283A /* NIBM_ParkingUITests.swift in Sources */ = {isa = PBXBuildFile; fileRef = 796F2F92273CF92D00BB283A /* NIBM_ParkingUITests.swift */; };
		796F2F95273CF92D00BB283A /* NIBM_ParkingUITestsLaunchTests.swift in Sources */ = {isa = PBXBuildFile; fileRef = 796F2F94273CF92D00BB283A /* NIBM_ParkingUITestsLaunchTests.swift */; };
		AEFD9D7CC81381D893AF2ADA /* Pods_NIBM_ParkingTests.framework in Frameworks */ = {isa = PBXBuildFile; fileRef = 0D68A881441B2216723AD9C7 /* Pods_NIBM_ParkingTests.framework */; };
		B403EF8B274377F800FCB17A /* LoginView.swift in Sources */ = {isa = PBXBuildFile; fileRef = B403EF8A274377F800FCB17A /* LoginView.swift */; };
		B403EF8D27437DE600FCB17A /* HomeView.swift in Sources */ = {isa = PBXBuildFile; fileRef = B403EF8C27437DE600FCB17A /* HomeView.swift */; };
		B403EF8F27437E0200FCB17A /* RegisterView.swift in Sources */ = {isa = PBXBuildFile; fileRef = B403EF8E27437E0200FCB17A /* RegisterView.swift */; };
		B40AD260274CD3BF00255981 /* SlotView.swift in Sources */ = {isa = PBXBuildFile; fileRef = B40AD25F274CD3BF00255981 /* SlotView.swift */; };
		B427A2B02748D40F00C31B85 /* BookingView.swift in Sources */ = {isa = PBXBuildFile; fileRef = B427A2AF2748D40F00C31B85 /* BookingView.swift */; };
		B427A2B22748D4C600C31B85 /* ParkingLaunch Screen.storyboard in Resources */ = {isa = PBXBuildFile; fileRef = B427A2B12748D4C600C31B85 /* ParkingLaunch Screen.storyboard */; };
		B44D1E88273D378600B4F08A /* GoogleService-Info.plist in Resources */ = {isa = PBXBuildFile; fileRef = B44D1E87273D378600B4F08A /* GoogleService-Info.plist */; };
		DBFAC85466B0C486A0C8A55F /* Pods_NIBM_Parking_NIBM_ParkingUITests.framework in Frameworks */ = {isa = PBXBuildFile; fileRef = 00404ED5400F484CD14DC011 /* Pods_NIBM_Parking_NIBM_ParkingUITests.framework */; };
/* End PBXBuildFile section */

/* Begin PBXContainerItemProxy section */
		796F2F85273CF92D00BB283A /* PBXContainerItemProxy */ = {
			isa = PBXContainerItemProxy;
			containerPortal = 796F2F6C273CF92B00BB283A /* Project object */;
			proxyType = 1;
			remoteGlobalIDString = 796F2F73273CF92B00BB283A;
			remoteInfo = "NIBM Parking";
		};
		796F2F8F273CF92D00BB283A /* PBXContainerItemProxy */ = {
			isa = PBXContainerItemProxy;
			containerPortal = 796F2F6C273CF92B00BB283A /* Project object */;
			proxyType = 1;
			remoteGlobalIDString = 796F2F73273CF92B00BB283A;
			remoteInfo = "NIBM Parking";
		};
/* End PBXContainerItemProxy section */

/* Begin PBXFileReference section */
		00404ED5400F484CD14DC011 /* Pods_NIBM_Parking_NIBM_ParkingUITests.framework */ = {isa = PBXFileReference; explicitFileType = wrapper.framework; includeInIndex = 0; path = Pods_NIBM_Parking_NIBM_ParkingUITests.framework; sourceTree = BUILT_PRODUCTS_DIR; };
		00A09BB2DB2B8A07B8A9DC92 /* Pods-NIBM Parking-NIBM ParkingUITests.release.xcconfig */ = {isa = PBXFileReference; includeInIndex = 1; lastKnownFileType = text.xcconfig; name = "Pods-NIBM Parking-NIBM ParkingUITests.release.xcconfig"; path = "Target Support Files/Pods-NIBM Parking-NIBM ParkingUITests/Pods-NIBM Parking-NIBM ParkingUITests.release.xcconfig"; sourceTree = "<group>"; };
		0641F71F5F904FBDCC346333 /* Pods-NIBM Parking-NIBM ParkingUITests.debug.xcconfig */ = {isa = PBXFileReference; includeInIndex = 1; lastKnownFileType = text.xcconfig; name = "Pods-NIBM Parking-NIBM ParkingUITests.debug.xcconfig"; path = "Target Support Files/Pods-NIBM Parking-NIBM ParkingUITests/Pods-NIBM Parking-NIBM ParkingUITests.debug.xcconfig"; sourceTree = "<group>"; };
		0D68A881441B2216723AD9C7 /* Pods_NIBM_ParkingTests.framework */ = {isa = PBXFileReference; explicitFileType = wrapper.framework; includeInIndex = 0; path = Pods_NIBM_ParkingTests.framework; sourceTree = BUILT_PRODUCTS_DIR; };
		324A984616CCB66478C3E24E /* Pods-NIBM Parking.debug.xcconfig */ = {isa = PBXFileReference; includeInIndex = 1; lastKnownFileType = text.xcconfig; name = "Pods-NIBM Parking.debug.xcconfig"; path = "Target Support Files/Pods-NIBM Parking/Pods-NIBM Parking.debug.xcconfig"; sourceTree = "<group>"; };
		4346EB6AE942D9BBEBBBE79D /* Pods-NIBM Parking.release.xcconfig */ = {isa = PBXFileReference; includeInIndex = 1; lastKnownFileType = text.xcconfig; name = "Pods-NIBM Parking.release.xcconfig"; path = "Target Support Files/Pods-NIBM Parking/Pods-NIBM Parking.release.xcconfig"; sourceTree = "<group>"; };
		581A9EE370C68C088F80F5AB /* Pods-NIBM ParkingTests.release.xcconfig */ = {isa = PBXFileReference; includeInIndex = 1; lastKnownFileType = text.xcconfig; name = "Pods-NIBM ParkingTests.release.xcconfig"; path = "Target Support Files/Pods-NIBM ParkingTests/Pods-NIBM ParkingTests.release.xcconfig"; sourceTree = "<group>"; };
		796F2F74273CF92B00BB283A /* NIBM Parking.app */ = {isa = PBXFileReference; explicitFileType = wrapper.application; includeInIndex = 0; path = "NIBM Parking.app"; sourceTree = BUILT_PRODUCTS_DIR; };
		796F2F77273CF92B00BB283A /* NIBM_ParkingApp.swift */ = {isa = PBXFileReference; lastKnownFileType = sourcecode.swift; path = NIBM_ParkingApp.swift; sourceTree = "<group>"; };
		796F2F79273CF92C00BB283A /* ContentView.swift */ = {isa = PBXFileReference; lastKnownFileType = sourcecode.swift; path = ContentView.swift; sourceTree = "<group>"; };
		796F2F7B273CF92D00BB283A /* Assets.xcassets */ = {isa = PBXFileReference; lastKnownFileType = folder.assetcatalog; path = Assets.xcassets; sourceTree = "<group>"; };
		796F2F7E273CF92D00BB283A /* Preview Assets.xcassets */ = {isa = PBXFileReference; lastKnownFileType = folder.assetcatalog; path = "Preview Assets.xcassets"; sourceTree = "<group>"; };
		796F2F84273CF92D00BB283A /* NIBM ParkingTests.xctest */ = {isa = PBXFileReference; explicitFileType = wrapper.cfbundle; includeInIndex = 0; path = "NIBM ParkingTests.xctest"; sourceTree = BUILT_PRODUCTS_DIR; };
		796F2F88273CF92D00BB283A /* NIBM_ParkingTests.swift */ = {isa = PBXFileReference; lastKnownFileType = sourcecode.swift; path = NIBM_ParkingTests.swift; sourceTree = "<group>"; };
		796F2F8E273CF92D00BB283A /* NIBM ParkingUITests.xctest */ = {isa = PBXFileReference; explicitFileType = wrapper.cfbundle; includeInIndex = 0; path = "NIBM ParkingUITests.xctest"; sourceTree = BUILT_PRODUCTS_DIR; };
		796F2F92273CF92D00BB283A /* NIBM_ParkingUITests.swift */ = {isa = PBXFileReference; lastKnownFileType = sourcecode.swift; path = NIBM_ParkingUITests.swift; sourceTree = "<group>"; };
		796F2F94273CF92D00BB283A /* NIBM_ParkingUITestsLaunchTests.swift */ = {isa = PBXFileReference; lastKnownFileType = sourcecode.swift; path = NIBM_ParkingUITestsLaunchTests.swift; sourceTree = "<group>"; };
		9519B96FEFD24FD0AED40744 /* Pods-NIBM ParkingTests.debug.xcconfig */ = {isa = PBXFileReference; includeInIndex = 1; lastKnownFileType = text.xcconfig; name = "Pods-NIBM ParkingTests.debug.xcconfig"; path = "Target Support Files/Pods-NIBM ParkingTests/Pods-NIBM ParkingTests.debug.xcconfig"; sourceTree = "<group>"; };
		B403EF8A274377F800FCB17A /* LoginView.swift */ = {isa = PBXFileReference; lastKnownFileType = sourcecode.swift; path = LoginView.swift; sourceTree = "<group>"; };
		B403EF8C27437DE600FCB17A /* HomeView.swift */ = {isa = PBXFileReference; lastKnownFileType = sourcecode.swift; path = HomeView.swift; sourceTree = "<group>"; };
		B403EF8E27437E0200FCB17A /* RegisterView.swift */ = {isa = PBXFileReference; lastKnownFileType = sourcecode.swift; path = RegisterView.swift; sourceTree = "<group>"; };
		B40AD25F274CD3BF00255981 /* SlotView.swift */ = {isa = PBXFileReference; lastKnownFileType = sourcecode.swift; path = SlotView.swift; sourceTree = "<group>"; };
		B427A2AF2748D40F00C31B85 /* BookingView.swift */ = {isa = PBXFileReference; lastKnownFileType = sourcecode.swift; path = BookingView.swift; sourceTree = "<group>"; };
		B427A2B12748D4C600C31B85 /* ParkingLaunch Screen.storyboard */ = {isa = PBXFileReference; lastKnownFileType = file.storyboard; path = "ParkingLaunch Screen.storyboard"; sourceTree = "<group>"; };
		B44D1E87273D378600B4F08A /* GoogleService-Info.plist */ = {isa = PBXFileReference; fileEncoding = 4; lastKnownFileType = text.plist.xml; path = "GoogleService-Info.plist"; sourceTree = "<group>"; };
		CBA7301035AB1E6AF90E408C /* Pods_NIBM_Parking.framework */ = {isa = PBXFileReference; explicitFileType = wrapper.framework; includeInIndex = 0; path = Pods_NIBM_Parking.framework; sourceTree = BUILT_PRODUCTS_DIR; };
/* End PBXFileReference section */

/* Begin PBXFrameworksBuildPhase section */
		796F2F71273CF92B00BB283A /* Frameworks */ = {
			isa = PBXFrameworksBuildPhase;
			buildActionMask = 2147483647;
			files = (
				154256FB1BDEC32890F73AC7 /* Pods_NIBM_Parking.framework in Frameworks */,
			);
			runOnlyForDeploymentPostprocessing = 0;
		};
		796F2F81273CF92D00BB283A /* Frameworks */ = {
			isa = PBXFrameworksBuildPhase;
			buildActionMask = 2147483647;
			files = (
				AEFD9D7CC81381D893AF2ADA /* Pods_NIBM_ParkingTests.framework in Frameworks */,
			);
			runOnlyForDeploymentPostprocessing = 0;
		};
		796F2F8B273CF92D00BB283A /* Frameworks */ = {
			isa = PBXFrameworksBuildPhase;
			buildActionMask = 2147483647;
			files = (
				DBFAC85466B0C486A0C8A55F /* Pods_NIBM_Parking_NIBM_ParkingUITests.framework in Frameworks */,
			);
			runOnlyForDeploymentPostprocessing = 0;
		};
/* End PBXFrameworksBuildPhase section */

/* Begin PBXGroup section */
		14D4002932C9334BD9BBDA99 /* Frameworks */ = {
			isa = PBXGroup;
			children = (
				CBA7301035AB1E6AF90E408C /* Pods_NIBM_Parking.framework */,
				00404ED5400F484CD14DC011 /* Pods_NIBM_Parking_NIBM_ParkingUITests.framework */,
				0D68A881441B2216723AD9C7 /* Pods_NIBM_ParkingTests.framework */,
			);
			name = Frameworks;
			sourceTree = "<group>";
		};
		3CE95877245BC97B20512AED /* Pods */ = {
			isa = PBXGroup;
			children = (
				324A984616CCB66478C3E24E /* Pods-NIBM Parking.debug.xcconfig */,
				4346EB6AE942D9BBEBBBE79D /* Pods-NIBM Parking.release.xcconfig */,
				0641F71F5F904FBDCC346333 /* Pods-NIBM Parking-NIBM ParkingUITests.debug.xcconfig */,
				00A09BB2DB2B8A07B8A9DC92 /* Pods-NIBM Parking-NIBM ParkingUITests.release.xcconfig */,
				9519B96FEFD24FD0AED40744 /* Pods-NIBM ParkingTests.debug.xcconfig */,
				581A9EE370C68C088F80F5AB /* Pods-NIBM ParkingTests.release.xcconfig */,
			);
			path = Pods;
			sourceTree = "<group>";
		};
		796F2F6B273CF92B00BB283A = {
			isa = PBXGroup;
			children = (
				796F2F76273CF92B00BB283A /* NIBM Parking */,
				796F2F87273CF92D00BB283A /* NIBM ParkingTests */,
				796F2F91273CF92D00BB283A /* NIBM ParkingUITests */,
				796F2F75273CF92B00BB283A /* Products */,
				3CE95877245BC97B20512AED /* Pods */,
				14D4002932C9334BD9BBDA99 /* Frameworks */,
			);
			sourceTree = "<group>";
		};
		796F2F75273CF92B00BB283A /* Products */ = {
			isa = PBXGroup;
			children = (
				796F2F74273CF92B00BB283A /* NIBM Parking.app */,
				796F2F84273CF92D00BB283A /* NIBM ParkingTests.xctest */,
				796F2F8E273CF92D00BB283A /* NIBM ParkingUITests.xctest */,
			);
			name = Products;
			sourceTree = "<group>";
		};
		796F2F76273CF92B00BB283A /* NIBM Parking */ = {
			isa = PBXGroup;
			children = (
				B427A2B12748D4C600C31B85 /* ParkingLaunch Screen.storyboard */,
				B44D1E89273D57AA00B4F08A /* Feature */,
				796F2F77273CF92B00BB283A /* NIBM_ParkingApp.swift */,
				796F2F79273CF92C00BB283A /* ContentView.swift */,
				B44D1E87273D378600B4F08A /* GoogleService-Info.plist */,
				796F2F7B273CF92D00BB283A /* Assets.xcassets */,
				796F2F7D273CF92D00BB283A /* Preview Content */,
			);
			path = "NIBM Parking";
			sourceTree = "<group>";
		};
		796F2F7D273CF92D00BB283A /* Preview Content */ = {
			isa = PBXGroup;
			children = (
				796F2F7E273CF92D00BB283A /* Preview Assets.xcassets */,
			);
			path = "Preview Content";
			sourceTree = "<group>";
		};
		796F2F87273CF92D00BB283A /* NIBM ParkingTests */ = {
			isa = PBXGroup;
			children = (
				796F2F88273CF92D00BB283A /* NIBM_ParkingTests.swift */,
			);
			path = "NIBM ParkingTests";
			sourceTree = "<group>";
		};
		796F2F91273CF92D00BB283A /* NIBM ParkingUITests */ = {
			isa = PBXGroup;
			children = (
				796F2F92273CF92D00BB283A /* NIBM_ParkingUITests.swift */,
				796F2F94273CF92D00BB283A /* NIBM_ParkingUITestsLaunchTests.swift */,
			);
			path = "NIBM ParkingUITests";
			sourceTree = "<group>";
		};
		B403EF89274377D700FCB17A /* View */ = {
			isa = PBXGroup;
			children = (
				B403EF8A274377F800FCB17A /* LoginView.swift */,
				B403EF8C27437DE600FCB17A /* HomeView.swift */,
				B403EF8E27437E0200FCB17A /* RegisterView.swift */,
				B427A2AF2748D40F00C31B85 /* BookingView.swift */,
				B40AD25F274CD3BF00255981 /* SlotView.swift */,
			);
			path = View;
			sourceTree = "<group>";
		};
		B427A2B32748E2FE00C31B85 /* Model */ = {
			isa = PBXGroup;
			children = (
			);
			path = Model;
			sourceTree = "<group>";
		};
		B44D1E89273D57AA00B4F08A /* Feature */ = {
			isa = PBXGroup;
			children = (
				B427A2B32748E2FE00C31B85 /* Model */,
				B403EF89274377D700FCB17A /* View */,
			);
			path = Feature;
			sourceTree = "<group>";
		};
/* End PBXGroup section */

/* Begin PBXNativeTarget section */
		796F2F73273CF92B00BB283A /* NIBM Parking */ = {
			isa = PBXNativeTarget;
			buildConfigurationList = 796F2F98273CF92D00BB283A /* Build configuration list for PBXNativeTarget "NIBM Parking" */;
			buildPhases = (
				25E319BF2F2BEB65FD50C8D7 /* [CP] Check Pods Manifest.lock */,
				796F2F70273CF92B00BB283A /* Sources */,
				796F2F71273CF92B00BB283A /* Frameworks */,
				796F2F72273CF92B00BB283A /* Resources */,
				9F4ED4F3A3D334A95E61E88A /* [CP] Embed Pods Frameworks */,
			);
			buildRules = (
			);
			dependencies = (
			);
			name = "NIBM Parking";
			productName = "NIBM Parking";
			productReference = 796F2F74273CF92B00BB283A /* NIBM Parking.app */;
			productType = "com.apple.product-type.application";
		};
		796F2F83273CF92D00BB283A /* NIBM ParkingTests */ = {
			isa = PBXNativeTarget;
			buildConfigurationList = 796F2F9B273CF92D00BB283A /* Build configuration list for PBXNativeTarget "NIBM ParkingTests" */;
			buildPhases = (
				24B5702DAB4DB7576FB121F8 /* [CP] Check Pods Manifest.lock */,
				796F2F80273CF92D00BB283A /* Sources */,
				796F2F81273CF92D00BB283A /* Frameworks */,
				796F2F82273CF92D00BB283A /* Resources */,
			);
			buildRules = (
			);
			dependencies = (
				796F2F86273CF92D00BB283A /* PBXTargetDependency */,
			);
			name = "NIBM ParkingTests";
			productName = "NIBM ParkingTests";
			productReference = 796F2F84273CF92D00BB283A /* NIBM ParkingTests.xctest */;
			productType = "com.apple.product-type.bundle.unit-test";
		};
		796F2F8D273CF92D00BB283A /* NIBM ParkingUITests */ = {
			isa = PBXNativeTarget;
			buildConfigurationList = 796F2F9E273CF92D00BB283A /* Build configuration list for PBXNativeTarget "NIBM ParkingUITests" */;
			buildPhases = (
				7055065C7C5EC1FDA99A5989 /* [CP] Check Pods Manifest.lock */,
				796F2F8A273CF92D00BB283A /* Sources */,
				796F2F8B273CF92D00BB283A /* Frameworks */,
				796F2F8C273CF92D00BB283A /* Resources */,
				E909CA0CFC5D79ABDC1DB7E9 /* [CP] Embed Pods Frameworks */,
			);
			buildRules = (
			);
			dependencies = (
				796F2F90273CF92D00BB283A /* PBXTargetDependency */,
			);
			name = "NIBM ParkingUITests";
			productName = "NIBM ParkingUITests";
			productReference = 796F2F8E273CF92D00BB283A /* NIBM ParkingUITests.xctest */;
			productType = "com.apple.product-type.bundle.ui-testing";
		};
/* End PBXNativeTarget section */

/* Begin PBXProject section */
		796F2F6C273CF92B00BB283A /* Project object */ = {
			isa = PBXProject;
			attributes = {
				BuildIndependentTargetsInParallel = 1;
				LastSwiftUpdateCheck = 1310;
				LastUpgradeCheck = 1310;
				TargetAttributes = {
					796F2F73273CF92B00BB283A = {
						CreatedOnToolsVersion = 13.1;
					};
					796F2F83273CF92D00BB283A = {
						CreatedOnToolsVersion = 13.1;
						TestTargetID = 796F2F73273CF92B00BB283A;
					};
					796F2F8D273CF92D00BB283A = {
						CreatedOnToolsVersion = 13.1;
						TestTargetID = 796F2F73273CF92B00BB283A;
					};
				};
			};
			buildConfigurationList = 796F2F6F273CF92B00BB283A /* Build configuration list for PBXProject "NIBM Parking" */;
			compatibilityVersion = "Xcode 13.0";
			developmentRegion = en;
			hasScannedForEncodings = 0;
			knownRegions = (
				en,
				Base,
			);
			mainGroup = 796F2F6B273CF92B00BB283A;
			productRefGroup = 796F2F75273CF92B00BB283A /* Products */;
			projectDirPath = "";
			projectRoot = "";
			targets = (
				796F2F73273CF92B00BB283A /* NIBM Parking */,
				796F2F83273CF92D00BB283A /* NIBM ParkingTests */,
				796F2F8D273CF92D00BB283A /* NIBM ParkingUITests */,
			);
		};
/* End PBXProject section */

/* Begin PBXResourcesBuildPhase section */
		796F2F72273CF92B00BB283A /* Resources */ = {
			isa = PBXResourcesBuildPhase;
			buildActionMask = 2147483647;
			files = (
				796F2F7F273CF92D00BB283A /* Preview Assets.xcassets in Resources */,
				B427A2B22748D4C600C31B85 /* ParkingLaunch Screen.storyboard in Resources */,
				796F2F7C273CF92D00BB283A /* Assets.xcassets in Resources */,
				B44D1E88273D378600B4F08A /* GoogleService-Info.plist in Resources */,
			);
			runOnlyForDeploymentPostprocessing = 0;
		};
		796F2F82273CF92D00BB283A /* Resources */ = {
			isa = PBXResourcesBuildPhase;
			buildActionMask = 2147483647;
			files = (
			);
			runOnlyForDeploymentPostprocessing = 0;
		};
		796F2F8C273CF92D00BB283A /* Resources */ = {
			isa = PBXResourcesBuildPhase;
			buildActionMask = 2147483647;
			files = (
			);
			runOnlyForDeploymentPostprocessing = 0;
		};
/* End PBXResourcesBuildPhase section */

/* Begin PBXShellScriptBuildPhase section */
		24B5702DAB4DB7576FB121F8 /* [CP] Check Pods Manifest.lock */ = {
			isa = PBXShellScriptBuildPhase;
			buildActionMask = 2147483647;
			files = (
			);
			inputFileListPaths = (
			);
			inputPaths = (
				"${PODS_PODFILE_DIR_PATH}/Podfile.lock",
				"${PODS_ROOT}/Manifest.lock",
			);
			name = "[CP] Check Pods Manifest.lock";
			outputFileListPaths = (
			);
			outputPaths = (
				"$(DERIVED_FILE_DIR)/Pods-NIBM ParkingTests-checkManifestLockResult.txt",
			);
			runOnlyForDeploymentPostprocessing = 0;
			shellPath = /bin/sh;
			shellScript = "diff \"${PODS_PODFILE_DIR_PATH}/Podfile.lock\" \"${PODS_ROOT}/Manifest.lock\" > /dev/null\nif [ $? != 0 ] ; then\n    # print error to STDERR\n    echo \"error: The sandbox is not in sync with the Podfile.lock. Run 'pod install' or update your CocoaPods installation.\" >&2\n    exit 1\nfi\n# This output is used by Xcode 'outputs' to avoid re-running this script phase.\necho \"SUCCESS\" > \"${SCRIPT_OUTPUT_FILE_0}\"\n";
			showEnvVarsInLog = 0;
		};
		25E319BF2F2BEB65FD50C8D7 /* [CP] Check Pods Manifest.lock */ = {
			isa = PBXShellScriptBuildPhase;
			buildActionMask = 2147483647;
			files = (
			);
			inputFileListPaths = (
			);
			inputPaths = (
				"${PODS_PODFILE_DIR_PATH}/Podfile.lock",
				"${PODS_ROOT}/Manifest.lock",
			);
			name = "[CP] Check Pods Manifest.lock";
			outputFileListPaths = (
			);
			outputPaths = (
				"$(DERIVED_FILE_DIR)/Pods-NIBM Parking-checkManifestLockResult.txt",
			);
			runOnlyForDeploymentPostprocessing = 0;
			shellPath = /bin/sh;
			shellScript = "diff \"${PODS_PODFILE_DIR_PATH}/Podfile.lock\" \"${PODS_ROOT}/Manifest.lock\" > /dev/null\nif [ $? != 0 ] ; then\n    # print error to STDERR\n    echo \"error: The sandbox is not in sync with the Podfile.lock. Run 'pod install' or update your CocoaPods installation.\" >&2\n    exit 1\nfi\n# This output is used by Xcode 'outputs' to avoid re-running this script phase.\necho \"SUCCESS\" > \"${SCRIPT_OUTPUT_FILE_0}\"\n";
			showEnvVarsInLog = 0;
		};
		7055065C7C5EC1FDA99A5989 /* [CP] Check Pods Manifest.lock */ = {
			isa = PBXShellScriptBuildPhase;
			buildActionMask = 2147483647;
			files = (
			);
			inputFileListPaths = (
			);
			inputPaths = (
				"${PODS_PODFILE_DIR_PATH}/Podfile.lock",
				"${PODS_ROOT}/Manifest.lock",
			);
			name = "[CP] Check Pods Manifest.lock";
			outputFileListPaths = (
			);
			outputPaths = (
				"$(DERIVED_FILE_DIR)/Pods-NIBM Parking-NIBM ParkingUITests-checkManifestLockResult.txt",
			);
			runOnlyForDeploymentPostprocessing = 0;
			shellPath = /bin/sh;
			shellScript = "diff \"${PODS_PODFILE_DIR_PATH}/Podfile.lock\" \"${PODS_ROOT}/Manifest.lock\" > /dev/null\nif [ $? != 0 ] ; then\n    # print error to STDERR\n    echo \"error: The sandbox is not in sync with the Podfile.lock. Run 'pod install' or update your CocoaPods installation.\" >&2\n    exit 1\nfi\n# This output is used by Xcode 'outputs' to avoid re-running this script phase.\necho \"SUCCESS\" > \"${SCRIPT_OUTPUT_FILE_0}\"\n";
			showEnvVarsInLog = 0;
		};
		9F4ED4F3A3D334A95E61E88A /* [CP] Embed Pods Frameworks */ = {
			isa = PBXShellScriptBuildPhase;
			buildActionMask = 2147483647;
			files = (
			);
			inputFileListPaths = (
				"${PODS_ROOT}/Target Support Files/Pods-NIBM Parking/Pods-NIBM Parking-frameworks-${CONFIGURATION}-input-files.xcfilelist",
			);
			name = "[CP] Embed Pods Frameworks";
			outputFileListPaths = (
				"${PODS_ROOT}/Target Support Files/Pods-NIBM Parking/Pods-NIBM Parking-frameworks-${CONFIGURATION}-output-files.xcfilelist",
			);
			runOnlyForDeploymentPostprocessing = 0;
			shellPath = /bin/sh;
			shellScript = "\"${PODS_ROOT}/Target Support Files/Pods-NIBM Parking/Pods-NIBM Parking-frameworks.sh\"\n";
			showEnvVarsInLog = 0;
		};
		E909CA0CFC5D79ABDC1DB7E9 /* [CP] Embed Pods Frameworks */ = {
			isa = PBXShellScriptBuildPhase;
			buildActionMask = 2147483647;
			files = (
			);
			inputFileListPaths = (
				"${PODS_ROOT}/Target Support Files/Pods-NIBM Parking-NIBM ParkingUITests/Pods-NIBM Parking-NIBM ParkingUITests-frameworks-${CONFIGURATION}-input-files.xcfilelist",
			);
			name = "[CP] Embed Pods Frameworks";
			outputFileListPaths = (
				"${PODS_ROOT}/Target Support Files/Pods-NIBM Parking-NIBM ParkingUITests/Pods-NIBM Parking-NIBM ParkingUITests-frameworks-${CONFIGURATION}-output-files.xcfilelist",
			);
			runOnlyForDeploymentPostprocessing = 0;
			shellPath = /bin/sh;
			shellScript = "\"${PODS_ROOT}/Target Support Files/Pods-NIBM Parking-NIBM ParkingUITests/Pods-NIBM Parking-NIBM ParkingUITests-frameworks.sh\"\n";
			showEnvVarsInLog = 0;
		};
/* End PBXShellScriptBuildPhase section */

/* Begin PBXSourcesBuildPhase section */
		796F2F70273CF92B00BB283A /* Sources */ = {
			isa = PBXSourcesBuildPhase;
			buildActionMask = 2147483647;
			files = (
				B40AD260274CD3BF00255981 /* SlotView.swift in Sources */,
				B427A2B02748D40F00C31B85 /* BookingView.swift in Sources */,
				B403EF8B274377F800FCB17A /* LoginView.swift in Sources */,
				B403EF8F27437E0200FCB17A /* RegisterView.swift in Sources */,
				B403EF8D27437DE600FCB17A /* HomeView.swift in Sources */,
				796F2F7A273CF92C00BB283A /* ContentView.swift in Sources */,
				796F2F78273CF92B00BB283A /* NIBM_ParkingApp.swift in Sources */,
			);
			runOnlyForDeploymentPostprocessing = 0;
		};
		796F2F80273CF92D00BB283A /* Sources */ = {
			isa = PBXSourcesBuildPhase;
			buildActionMask = 2147483647;
			files = (
				796F2F89273CF92D00BB283A /* NIBM_ParkingTests.swift in Sources */,
			);
			runOnlyForDeploymentPostprocessing = 0;
		};
		796F2F8A273CF92D00BB283A /* Sources */ = {
			isa = PBXSourcesBuildPhase;
			buildActionMask = 2147483647;
			files = (
				796F2F93273CF92D00BB283A /* NIBM_ParkingUITests.swift in Sources */,
				796F2F95273CF92D00BB283A /* NIBM_ParkingUITestsLaunchTests.swift in Sources */,
			);
			runOnlyForDeploymentPostprocessing = 0;
		};
/* End PBXSourcesBuildPhase section */

/* Begin PBXTargetDependency section */
		796F2F86273CF92D00BB283A /* PBXTargetDependency */ = {
			isa = PBXTargetDependency;
			target = 796F2F73273CF92B00BB283A /* NIBM Parking */;
			targetProxy = 796F2F85273CF92D00BB283A /* PBXContainerItemProxy */;
		};
		796F2F90273CF92D00BB283A /* PBXTargetDependency */ = {
			isa = PBXTargetDependency;
			target = 796F2F73273CF92B00BB283A /* NIBM Parking */;
			targetProxy = 796F2F8F273CF92D00BB283A /* PBXContainerItemProxy */;
		};
/* End PBXTargetDependency section */

/* Begin XCBuildConfiguration section */
		796F2F96273CF92D00BB283A /* Debug */ = {
			isa = XCBuildConfiguration;
			buildSettings = {
				ALWAYS_SEARCH_USER_PATHS = NO;
				CLANG_ANALYZER_NONNULL = YES;
				CLANG_ANALYZER_NUMBER_OBJECT_CONVERSION = YES_AGGRESSIVE;
				CLANG_CXX_LANGUAGE_STANDARD = "gnu++17";
				CLANG_CXX_LIBRARY = "libc++";
				CLANG_ENABLE_MODULES = YES;
				CLANG_ENABLE_OBJC_ARC = YES;
				CLANG_ENABLE_OBJC_WEAK = YES;
				CLANG_WARN_BLOCK_CAPTURE_AUTORELEASING = YES;
				CLANG_WARN_BOOL_CONVERSION = YES;
				CLANG_WARN_COMMA = YES;
				CLANG_WARN_CONSTANT_CONVERSION = YES;
				CLANG_WARN_DEPRECATED_OBJC_IMPLEMENTATIONS = YES;
				CLANG_WARN_DIRECT_OBJC_ISA_USAGE = YES_ERROR;
				CLANG_WARN_DOCUMENTATION_COMMENTS = YES;
				CLANG_WARN_EMPTY_BODY = YES;
				CLANG_WARN_ENUM_CONVERSION = YES;
				CLANG_WARN_INFINITE_RECURSION = YES;
				CLANG_WARN_INT_CONVERSION = YES;
				CLANG_WARN_NON_LITERAL_NULL_CONVERSION = YES;
				CLANG_WARN_OBJC_IMPLICIT_RETAIN_SELF = YES;
				CLANG_WARN_OBJC_LITERAL_CONVERSION = YES;
				CLANG_WARN_OBJC_ROOT_CLASS = YES_ERROR;
				CLANG_WARN_QUOTED_INCLUDE_IN_FRAMEWORK_HEADER = YES;
				CLANG_WARN_RANGE_LOOP_ANALYSIS = YES;
				CLANG_WARN_STRICT_PROTOTYPES = YES;
				CLANG_WARN_SUSPICIOUS_MOVE = YES;
				CLANG_WARN_UNGUARDED_AVAILABILITY = YES_AGGRESSIVE;
				CLANG_WARN_UNREACHABLE_CODE = YES;
				CLANG_WARN__DUPLICATE_METHOD_MATCH = YES;
				COPY_PHASE_STRIP = NO;
				DEBUG_INFORMATION_FORMAT = dwarf;
				ENABLE_STRICT_OBJC_MSGSEND = YES;
				ENABLE_TESTABILITY = YES;
				GCC_C_LANGUAGE_STANDARD = gnu11;
				GCC_DYNAMIC_NO_PIC = NO;
				GCC_NO_COMMON_BLOCKS = YES;
				GCC_OPTIMIZATION_LEVEL = 0;
				GCC_PREPROCESSOR_DEFINITIONS = (
					"DEBUG=1",
					"$(inherited)",
				);
				GCC_WARN_64_TO_32_BIT_CONVERSION = YES;
				GCC_WARN_ABOUT_RETURN_TYPE = YES_ERROR;
				GCC_WARN_UNDECLARED_SELECTOR = YES;
				GCC_WARN_UNINITIALIZED_AUTOS = YES_AGGRESSIVE;
				GCC_WARN_UNUSED_FUNCTION = YES;
				GCC_WARN_UNUSED_VARIABLE = YES;
				IPHONEOS_DEPLOYMENT_TARGET = 15.0;
				MTL_ENABLE_DEBUG_INFO = INCLUDE_SOURCE;
				MTL_FAST_MATH = YES;
				ONLY_ACTIVE_ARCH = YES;
				SDKROOT = iphoneos;
				SWIFT_ACTIVE_COMPILATION_CONDITIONS = DEBUG;
				SWIFT_OPTIMIZATION_LEVEL = "-Onone";
			};
			name = Debug;
		};
		796F2F97273CF92D00BB283A /* Release */ = {
			isa = XCBuildConfiguration;
			buildSettings = {
				ALWAYS_SEARCH_USER_PATHS = NO;
				CLANG_ANALYZER_NONNULL = YES;
				CLANG_ANALYZER_NUMBER_OBJECT_CONVERSION = YES_AGGRESSIVE;
				CLANG_CXX_LANGUAGE_STANDARD = "gnu++17";
				CLANG_CXX_LIBRARY = "libc++";
				CLANG_ENABLE_MODULES = YES;
				CLANG_ENABLE_OBJC_ARC = YES;
				CLANG_ENABLE_OBJC_WEAK = YES;
				CLANG_WARN_BLOCK_CAPTURE_AUTORELEASING = YES;
				CLANG_WARN_BOOL_CONVERSION = YES;
				CLANG_WARN_COMMA = YES;
				CLANG_WARN_CONSTANT_CONVERSION = YES;
				CLANG_WARN_DEPRECATED_OBJC_IMPLEMENTATIONS = YES;
				CLANG_WARN_DIRECT_OBJC_ISA_USAGE = YES_ERROR;
				CLANG_WARN_DOCUMENTATION_COMMENTS = YES;
				CLANG_WARN_EMPTY_BODY = YES;
				CLANG_WARN_ENUM_CONVERSION = YES;
				CLANG_WARN_INFINITE_RECURSION = YES;
				CLANG_WARN_INT_CONVERSION = YES;
				CLANG_WARN_NON_LITERAL_NULL_CONVERSION = YES;
				CLANG_WARN_OBJC_IMPLICIT_RETAIN_SELF = YES;
				CLANG_WARN_OBJC_LITERAL_CONVERSION = YES;
				CLANG_WARN_OBJC_ROOT_CLASS = YES_ERROR;
				CLANG_WARN_QUOTED_INCLUDE_IN_FRAMEWORK_HEADER = YES;
				CLANG_WARN_RANGE_LOOP_ANALYSIS = YES;
				CLANG_WARN_STRICT_PROTOTYPES = YES;
				CLANG_WARN_SUSPICIOUS_MOVE = YES;
				CLANG_WARN_UNGUARDED_AVAILABILITY = YES_AGGRESSIVE;
				CLANG_WARN_UNREACHABLE_CODE = YES;
				CLANG_WARN__DUPLICATE_METHOD_MATCH = YES;
				COPY_PHASE_STRIP = NO;
				DEBUG_INFORMATION_FORMAT = "dwarf-with-dsym";
				ENABLE_NS_ASSERTIONS = NO;
				ENABLE_STRICT_OBJC_MSGSEND = YES;
				GCC_C_LANGUAGE_STANDARD = gnu11;
				GCC_NO_COMMON_BLOCKS = YES;
				GCC_WARN_64_TO_32_BIT_CONVERSION = YES;
				GCC_WARN_ABOUT_RETURN_TYPE = YES_ERROR;
				GCC_WARN_UNDECLARED_SELECTOR = YES;
				GCC_WARN_UNINITIALIZED_AUTOS = YES_AGGRESSIVE;
				GCC_WARN_UNUSED_FUNCTION = YES;
				GCC_WARN_UNUSED_VARIABLE = YES;
				IPHONEOS_DEPLOYMENT_TARGET = 15.0;
				MTL_ENABLE_DEBUG_INFO = NO;
				MTL_FAST_MATH = YES;
				SDKROOT = iphoneos;
				SWIFT_COMPILATION_MODE = wholemodule;
				SWIFT_OPTIMIZATION_LEVEL = "-O";
				VALIDATE_PRODUCT = YES;
			};
			name = Release;
		};
		796F2F99273CF92D00BB283A /* Debug */ = {
			isa = XCBuildConfiguration;
			baseConfigurationReference = 324A984616CCB66478C3E24E /* Pods-NIBM Parking.debug.xcconfig */;
			buildSettings = {
				ASSETCATALOG_COMPILER_APPICON_NAME = AppIcon;
				ASSETCATALOG_COMPILER_GLOBAL_ACCENT_COLOR_NAME = AccentColor;
				CODE_SIGN_STYLE = Automatic;
				CURRENT_PROJECT_VERSION = 1;
				DEVELOPMENT_ASSET_PATHS = "\"NIBM Parking/Preview Content\"";
				DEVELOPMENT_TEAM = DB99P3W5QH;
				ENABLE_PREVIEWS = YES;
				GENERATE_INFOPLIST_FILE = YES;
				INFOPLIST_KEY_UIApplicationSceneManifest_Generation = YES;
				INFOPLIST_KEY_UIApplicationSupportsIndirectInputEvents = YES;
				INFOPLIST_KEY_UILaunchScreen_Generation = YES;
				INFOPLIST_KEY_UILaunchStoryboardName = "ParkingLaunch Screen";
				INFOPLIST_KEY_UISupportedInterfaceOrientations_iPad = "UIInterfaceOrientationPortrait UIInterfaceOrientationPortraitUpsideDown UIInterfaceOrientationLandscapeLeft UIInterfaceOrientationLandscapeRight";
				INFOPLIST_KEY_UISupportedInterfaceOrientations_iPhone = "UIInterfaceOrientationPortrait UIInterfaceOrientationLandscapeLeft UIInterfaceOrientationLandscapeRight";
				LD_RUNPATH_SEARCH_PATHS = (
					"$(inherited)",
					"@executable_path/Frameworks",
				);
				MARKETING_VERSION = 1.0;
				PRODUCT_BUNDLE_IDENTIFIER = "com.COBSCComp20.1P-029.NIBM-Parking";
				PRODUCT_NAME = "$(TARGET_NAME)";
				SWIFT_EMIT_LOC_STRINGS = YES;
				SWIFT_VERSION = 5.0;
				TARGETED_DEVICE_FAMILY = "1,2";
			};
			name = Debug;
		};
		796F2F9A273CF92D00BB283A /* Release */ = {
			isa = XCBuildConfiguration;
			baseConfigurationReference = 4346EB6AE942D9BBEBBBE79D /* Pods-NIBM Parking.release.xcconfig */;
			buildSettings = {
				ASSETCATALOG_COMPILER_APPICON_NAME = AppIcon;
				ASSETCATALOG_COMPILER_GLOBAL_ACCENT_COLOR_NAME = AccentColor;
				CODE_SIGN_STYLE = Automatic;
				CURRENT_PROJECT_VERSION = 1;
				DEVELOPMENT_ASSET_PATHS = "\"NIBM Parking/Preview Content\"";
				DEVELOPMENT_TEAM = DB99P3W5QH;
				ENABLE_PREVIEWS = YES;
				GENERATE_INFOPLIST_FILE = YES;
				INFOPLIST_KEY_UIApplicationSceneManifest_Generation = YES;
				INFOPLIST_KEY_UIApplicationSupportsIndirectInputEvents = YES;
				INFOPLIST_KEY_UILaunchScreen_Generation = YES;
				INFOPLIST_KEY_UILaunchStoryboardName = "ParkingLaunch Screen";
				INFOPLIST_KEY_UISupportedInterfaceOrientations_iPad = "UIInterfaceOrientationPortrait UIInterfaceOrientationPortraitUpsideDown UIInterfaceOrientationLandscapeLeft UIInterfaceOrientationLandscapeRight";
				INFOPLIST_KEY_UISupportedInterfaceOrientations_iPhone = "UIInterfaceOrientationPortrait UIInterfaceOrientationLandscapeLeft UIInterfaceOrientationLandscapeRight";
				LD_RUNPATH_SEARCH_PATHS = (
					"$(inherited)",
					"@executable_path/Frameworks",
				);
				MARKETING_VERSION = 1.0;
				PRODUCT_BUNDLE_IDENTIFIER = "com.COBSCComp20.1P-029.NIBM-Parking";
				PRODUCT_NAME = "$(TARGET_NAME)";
				SWIFT_EMIT_LOC_STRINGS = YES;
				SWIFT_VERSION = 5.0;
				TARGETED_DEVICE_FAMILY = "1,2";
			};
			name = Release;
		};
		796F2F9C273CF92D00BB283A /* Debug */ = {
			isa = XCBuildConfiguration;
			baseConfigurationReference = 9519B96FEFD24FD0AED40744 /* Pods-NIBM ParkingTests.debug.xcconfig */;
			buildSettings = {
				ALWAYS_EMBED_SWIFT_STANDARD_LIBRARIES = YES;
				BUNDLE_LOADER = "$(TEST_HOST)";
				CODE_SIGN_STYLE = Automatic;
				CURRENT_PROJECT_VERSION = 1;
				DEVELOPMENT_TEAM = DB99P3W5QH;
				GENERATE_INFOPLIST_FILE = YES;
				IPHONEOS_DEPLOYMENT_TARGET = 15.0;
				LD_RUNPATH_SEARCH_PATHS = (
					"$(inherited)",
					"@executable_path/Frameworks",
					"@loader_path/Frameworks",
				);
				MARKETING_VERSION = 1.0;
				PRODUCT_BUNDLE_IDENTIFIER = "com.COBSCComp20.1P-029.NIBM-ParkingTests";
				PRODUCT_NAME = "$(TARGET_NAME)";
				SWIFT_EMIT_LOC_STRINGS = NO;
				SWIFT_VERSION = 5.0;
				TARGETED_DEVICE_FAMILY = "1,2";
				TEST_HOST = "$(BUILT_PRODUCTS_DIR)/NIBM Parking.app/NIBM Parking";
			};
			name = Debug;
		};
		796F2F9D273CF92D00BB283A /* Release */ = {
			isa = XCBuildConfiguration;
			baseConfigurationReference = 581A9EE370C68C088F80F5AB /* Pods-NIBM ParkingTests.release.xcconfig */;
			buildSettings = {
				ALWAYS_EMBED_SWIFT_STANDARD_LIBRARIES = YES;
				BUNDLE_LOADER = "$(TEST_HOST)";
				CODE_SIGN_STYLE = Automatic;
				CURRENT_PROJECT_VERSION = 1;
				DEVELOPMENT_TEAM = DB99P3W5QH;
				GENERATE_INFOPLIST_FILE = YES;
				IPHONEOS_DEPLOYMENT_TARGET = 15.0;
				LD_RUNPATH_SEARCH_PATHS = (
					"$(inherited)",
					"@executable_path/Frameworks",
					"@loader_path/Frameworks",
				);
				MARKETING_VERSION = 1.0;
				PRODUCT_BUNDLE_IDENTIFIER = "com.COBSCComp20.1P-029.NIBM-ParkingTests";
				PRODUCT_NAME = "$(TARGET_NAME)";
				SWIFT_EMIT_LOC_STRINGS = NO;
				SWIFT_VERSION = 5.0;
				TARGETED_DEVICE_FAMILY = "1,2";
				TEST_HOST = "$(BUILT_PRODUCTS_DIR)/NIBM Parking.app/NIBM Parking";
			};
			name = Release;
		};
		796F2F9F273CF92D00BB283A /* Debug */ = {
			isa = XCBuildConfiguration;
			baseConfigurationReference = 0641F71F5F904FBDCC346333 /* Pods-NIBM Parking-NIBM ParkingUITests.debug.xcconfig */;
			buildSettings = {
				ALWAYS_EMBED_SWIFT_STANDARD_LIBRARIES = YES;
				CODE_SIGN_STYLE = Automatic;
				CURRENT_PROJECT_VERSION = 1;
				DEVELOPMENT_TEAM = DB99P3W5QH;
				GENERATE_INFOPLIST_FILE = YES;
				LD_RUNPATH_SEARCH_PATHS = (
					"$(inherited)",
					"@executable_path/Frameworks",
					"@loader_path/Frameworks",
				);
				MARKETING_VERSION = 1.0;
				PRODUCT_BUNDLE_IDENTIFIER = "com.COBSCComp20.1P-029.NIBM-ParkingUITests";
				PRODUCT_NAME = "$(TARGET_NAME)";
				SWIFT_EMIT_LOC_STRINGS = NO;
				SWIFT_VERSION = 5.0;
				TARGETED_DEVICE_FAMILY = "1,2";
				TEST_TARGET_NAME = "NIBM Parking";
			};
			name = Debug;
		};
		796F2FA0273CF92D00BB283A /* Release */ = {
			isa = XCBuildConfiguration;
			baseConfigurationReference = 00A09BB2DB2B8A07B8A9DC92 /* Pods-NIBM Parking-NIBM ParkingUITests.release.xcconfig */;
			buildSettings = {
				ALWAYS_EMBED_SWIFT_STANDARD_LIBRARIES = YES;
				CODE_SIGN_STYLE = Automatic;
				CURRENT_PROJECT_VERSION = 1;
				DEVELOPMENT_TEAM = DB99P3W5QH;
				GENERATE_INFOPLIST_FILE = YES;
				LD_RUNPATH_SEARCH_PATHS = (
					"$(inherited)",
					"@executable_path/Frameworks",
					"@loader_path/Frameworks",
				);
				MARKETING_VERSION = 1.0;
				PRODUCT_BUNDLE_IDENTIFIER = "com.COBSCComp20.1P-029.NIBM-ParkingUITests";
				PRODUCT_NAME = "$(TARGET_NAME)";
				SWIFT_EMIT_LOC_STRINGS = NO;
				SWIFT_VERSION = 5.0;
				TARGETED_DEVICE_FAMILY = "1,2";
				TEST_TARGET_NAME = "NIBM Parking";
			};
			name = Release;
		};
/* End XCBuildConfiguration section */

/* Begin XCConfigurationList section */
		796F2F6F273CF92B00BB283A /* Build configuration list for PBXProject "NIBM Parking" */ = {
			isa = XCConfigurationList;
			buildConfigurations = (
				796F2F96273CF92D00BB283A /* Debug */,
				796F2F97273CF92D00BB283A /* Release */,
			);
			defaultConfigurationIsVisible = 0;
			defaultConfigurationName = Release;
		};
		796F2F98273CF92D00BB283A /* Build configuration list for PBXNativeTarget "NIBM Parking" */ = {
			isa = XCConfigurationList;
			buildConfigurations = (
				796F2F99273CF92D00BB283A /* Debug */,
				796F2F9A273CF92D00BB283A /* Release */,
			);
			defaultConfigurationIsVisible = 0;
			defaultConfigurationName = Release;
		};
		796F2F9B273CF92D00BB283A /* Build configuration list for PBXNativeTarget "NIBM ParkingTests" */ = {
			isa = XCConfigurationList;
			buildConfigurations = (
				796F2F9C273CF92D00BB283A /* Debug */,
				796F2F9D273CF92D00BB283A /* Release */,
			);
			defaultConfigurationIsVisible = 0;
			defaultConfigurationName = Release;
		};
		796F2F9E273CF92D00BB283A /* Build configuration list for PBXNativeTarget "NIBM ParkingUITests" */ = {
			isa = XCConfigurationList;
			buildConfigurations = (
				796F2F9F273CF92D00BB283A /* Debug */,
				796F2FA0273CF92D00BB283A /* Release */,
			);
			defaultConfigurationIsVisible = 0;
			defaultConfigurationName = Release;
		};
/* End XCConfigurationList section */
	};
	rootObject = 796F2F6C273CF92B00BB283A /* Project object */;
}
